{
  "originHash" : "e762b429569e6ffc5098001ccd1a9061cc346833ed871368b0436ad4c7a4c362",
  "pins" : [
    {
      "identity" : "swiftutilities",
      "kind" : "remoteSourceControl",
      "location" : "https://github.com/muhiro12/SwiftUtilities",
      "state" : {
        "revision" : "1e7e633caa979d8dafea34701dd48c8aa1b5e0ac",
        "version" : "1.31.0"
      }
    }
  ],
  "version" : 3
}
