{
  "originHash" : "45981674a8fd26d454ad70b043f4d338581e52efe604411f7e13abd988040486",
  "pins" : [
    {
      "identity" : "storekitwrapper",
      "kind" : "remoteSourceControl",
      "location" : "https://github.com/muhiro12/StoreKitWrapper",
      "state" : {
        "revision" : "c43d9cd7f68eb66d63f6b258af48c9825c1f0d00",
        "version" : "1.2.0"
      }
    },
    {
      "identity" : "swiftutilities",
      "kind" : "remoteSourceControl",
      "location" : "https://github.com/muhiro12/SwiftUtilities",
      "state" : {
        "revision" : "1e7e633caa979d8dafea34701dd48c8aa1b5e0ac",
        "version" : "1.31.0"
      }
    }
  ],
  "version" : 3
}
